// !$*UTF8*$!
{
	archiveVersion = 1;
	classes = {
	};
	objectVersion = 51;
	objects = {

/* Begin PBXBuildFile section */
		340CE277248F3A110094AC52 /* User.swift in Sources */ = {isa = PBXBuildFile; fileRef = 340CE276248F3A110094AC52 /* User.swift */; };
		340CE279248F407B0094AC52 /* ProfileViewController.swift in Sources */ = {isa = PBXBuildFile; fileRef = 340CE278248F407B0094AC52 /* ProfileViewController.swift */; };
		3481D07F248DBC6A005215EE /* AppDelegate.swift in Sources */ = {isa = PBXBuildFile; fileRef = 3481D07E248DBC6A005215EE /* AppDelegate.swift */; };
		3481D081248DBC6A005215EE /* SceneDelegate.swift in Sources */ = {isa = PBXBuildFile; fileRef = 3481D080248DBC6A005215EE /* SceneDelegate.swift */; };
		3481D086248DBC6A005215EE /* Main.storyboard in Resources */ = {isa = PBXBuildFile; fileRef = 3481D084248DBC6A005215EE /* Main.storyboard */; };
		3481D088248DBC6F005215EE /* Assets.xcassets in Resources */ = {isa = PBXBuildFile; fileRef = 3481D087248DBC6F005215EE /* Assets.xcassets */; };
		3481D08B248DBC6F005215EE /* LaunchScreen.storyboard in Resources */ = {isa = PBXBuildFile; fileRef = 3481D089248DBC6F005215EE /* LaunchScreen.storyboard */; };
		3481D096248DBC6F005215EE /* MarinTraceTests.swift in Sources */ = {isa = PBXBuildFile; fileRef = 3481D095248DBC6F005215EE /* MarinTraceTests.swift */; };
		3481D0A1248DBC6F005215EE /* MarinTraceUITests.swift in Sources */ = {isa = PBXBuildFile; fileRef = 3481D0A0248DBC6F005215EE /* MarinTraceUITests.swift */; };
		3481D0AF248DCA9D005215EE /* HomeTableViewController.swift in Sources */ = {isa = PBXBuildFile; fileRef = 3481D0AE248DCA9D005215EE /* HomeTableViewController.swift */; };
		3481D0B3248DCE6D005215EE /* Helpers.swift in Sources */ = {isa = PBXBuildFile; fileRef = 3481D0B2248DCE6D005215EE /* Helpers.swift */; };
		3481D0B7248DE7F2005215EE /* GoogleService-Info.plist in Resources */ = {isa = PBXBuildFile; fileRef = 3481D0B6248DE7F2005215EE /* GoogleService-Info.plist */; };
		3481D0B9248DF847005215EE /* LoginTableViewController.swift in Sources */ = {isa = PBXBuildFile; fileRef = 3481D0B8248DF847005215EE /* LoginTableViewController.swift */; };
		3481D0BF248E00E8005215EE /* DataService.swift in Sources */ = {isa = PBXBuildFile; fileRef = 3481D0BE248E00E8005215EE /* DataService.swift */; };
		3481D0C3248E0636005215EE /* ContactedCohortsViewController.swift in Sources */ = {isa = PBXBuildFile; fileRef = 3481D0C2248E0636005215EE /* ContactedCohortsViewController.swift */; };
		3481D0C5248E0903005215EE /* ReportContactsViewController.swift in Sources */ = {isa = PBXBuildFile; fileRef = 3481D0C4248E0903005215EE /* ReportContactsViewController.swift */; };
		3481D0C7248EB7D0005215EE /* SymptomTableViewController.swift in Sources */ = {isa = PBXBuildFile; fileRef = 3481D0C6248EB7D0005215EE /* SymptomTableViewController.swift */; };
		3481D0C9248EB80A005215EE /* SymptomTableViewCell.swift in Sources */ = {isa = PBXBuildFile; fileRef = 3481D0C8248EB80A005215EE /* SymptomTableViewCell.swift */; };
		34ADF054251584F800323121 /* PrivacyPolicyViewController.swift in Sources */ = {isa = PBXBuildFile; fileRef = 34ADF053251584F800323121 /* PrivacyPolicyViewController.swift */; };
		34B7DD4C24CE99F5007449D7 /* Auth0.plist in Resources */ = {isa = PBXBuildFile; fileRef = 34B7DD4B24CE99F5007449D7 /* Auth0.plist */; };
		34D28258251D688400AF2BE2 /* RealmService.swift in Sources */ = {isa = PBXBuildFile; fileRef = 34D28257251D688400AF2BE2 /* RealmService.swift */; };
		34D28260251D72DA00AF2BE2 /* ReportHistoryTableViewController.swift in Sources */ = {isa = PBXBuildFile; fileRef = 34D2825F251D72DA00AF2BE2 /* ReportHistoryTableViewController.swift */; };
		34D28268251D763000AF2BE2 /* BackupTableViewCell.swift in Sources */ = {isa = PBXBuildFile; fileRef = 34D28267251D763000AF2BE2 /* BackupTableViewCell.swift */; };
		34D28270251E4C4E00AF2BE2 /* CardViewController.swift in Sources */ = {isa = PBXBuildFile; fileRef = 34D2826F251E4C4E00AF2BE2 /* CardViewController.swift */; };
		34D297FA253C039300115528 /* git_hash_from_cfbundleversion.bash in Resources */ = {isa = PBXBuildFile; fileRef = 34D297F6253C039300115528 /* git_hash_from_cfbundleversion.bash */; };
		34D297FB253C039300115528 /* versions.bash in Resources */ = {isa = PBXBuildFile; fileRef = 34D297F7253C039300115528 /* versions.bash */; };
		34D297FC253C039300115528 /* decimalize_git_hash.bash in Resources */ = {isa = PBXBuildFile; fileRef = 34D297F8253C039300115528 /* decimalize_git_hash.bash */; };
		34D297FD253C039300115528 /* minutes_since_date.bash in Resources */ = {isa = PBXBuildFile; fileRef = 34D297F9253C039300115528 /* minutes_since_date.bash */; };
		34DB80FD264457D800E6EC3D /* SchoolConfig.swift in Sources */ = {isa = PBXBuildFile; fileRef = 34DB80FC264457D800E6EC3D /* SchoolConfig.swift */; };
		3C67DE643850470DE9A7DE0F /* Pods_MarinTrace.framework in Frameworks */ = {isa = PBXBuildFile; fileRef = 254F1D42ACBA62F2A0D84621 /* Pods_MarinTrace.framework */; };
		86266579B4BE42E49DEF93ED /* Pods_MarinTraceTests.framework in Frameworks */ = {isa = PBXBuildFile; fileRef = E7E7909EB79CB02BB3137441 /* Pods_MarinTraceTests.framework */; };
		9DA9F18DE52141CD58F33483 /* Pods_MarinTrace_MarinTraceUITests.framework in Frameworks */ = {isa = PBXBuildFile; fileRef = 28D239C28CA6992C5BC416D7 /* Pods_MarinTrace_MarinTraceUITests.framework */; };
/* End PBXBuildFile section */

/* Begin PBXContainerItemProxy section */
		3481D092248DBC6F005215EE /* PBXContainerItemProxy */ = {
			isa = PBXContainerItemProxy;
			containerPortal = 3481D073248DBC6A005215EE /* Project object */;
			proxyType = 1;
			remoteGlobalIDString = 3481D07A248DBC6A005215EE;
			remoteInfo = MarinTrace;
		};
		3481D09D248DBC6F005215EE /* PBXContainerItemProxy */ = {
			isa = PBXContainerItemProxy;
			containerPortal = 3481D073248DBC6A005215EE /* Project object */;
			proxyType = 1;
			remoteGlobalIDString = 3481D07A248DBC6A005215EE;
			remoteInfo = MarinTrace;
		};
/* End PBXContainerItemProxy section */

/* Begin PBXFileReference section */
		06DAF1DC9D82E74CAA2D6683 /* Pods-MarinTraceTests.debug.xcconfig */ = {isa = PBXFileReference; includeInIndex = 1; lastKnownFileType = text.xcconfig; name = "Pods-MarinTraceTests.debug.xcconfig"; path = "Target Support Files/Pods-MarinTraceTests/Pods-MarinTraceTests.debug.xcconfig"; sourceTree = "<group>"; };
		15476E3AEA977906800ABB02 /* Pods-MarinTrace-MarinTraceUITests.debug.xcconfig */ = {isa = PBXFileReference; includeInIndex = 1; lastKnownFileType = text.xcconfig; name = "Pods-MarinTrace-MarinTraceUITests.debug.xcconfig"; path = "Target Support Files/Pods-MarinTrace-MarinTraceUITests/Pods-MarinTrace-MarinTraceUITests.debug.xcconfig"; sourceTree = "<group>"; };
		254F1D42ACBA62F2A0D84621 /* Pods_MarinTrace.framework */ = {isa = PBXFileReference; explicitFileType = wrapper.framework; includeInIndex = 0; path = Pods_MarinTrace.framework; sourceTree = BUILT_PRODUCTS_DIR; };
		28D239C28CA6992C5BC416D7 /* Pods_MarinTrace_MarinTraceUITests.framework */ = {isa = PBXFileReference; explicitFileType = wrapper.framework; includeInIndex = 0; path = Pods_MarinTrace_MarinTraceUITests.framework; sourceTree = BUILT_PRODUCTS_DIR; };
		340CE276248F3A110094AC52 /* User.swift */ = {isa = PBXFileReference; lastKnownFileType = sourcecode.swift; path = User.swift; sourceTree = "<group>"; };
		340CE278248F407B0094AC52 /* ProfileViewController.swift */ = {isa = PBXFileReference; lastKnownFileType = sourcecode.swift; path = ProfileViewController.swift; sourceTree = "<group>"; };
		3481D07B248DBC6A005215EE /* MarinTrace.app */ = {isa = PBXFileReference; explicitFileType = wrapper.application; includeInIndex = 0; path = MarinTrace.app; sourceTree = BUILT_PRODUCTS_DIR; };
		3481D07E248DBC6A005215EE /* AppDelegate.swift */ = {isa = PBXFileReference; lastKnownFileType = sourcecode.swift; path = AppDelegate.swift; sourceTree = "<group>"; };
		3481D080248DBC6A005215EE /* SceneDelegate.swift */ = {isa = PBXFileReference; lastKnownFileType = sourcecode.swift; path = SceneDelegate.swift; sourceTree = "<group>"; };
		3481D085248DBC6A005215EE /* Base */ = {isa = PBXFileReference; lastKnownFileType = file.storyboard; name = Base; path = Base.lproj/Main.storyboard; sourceTree = "<group>"; };
		3481D087248DBC6F005215EE /* Assets.xcassets */ = {isa = PBXFileReference; lastKnownFileType = folder.assetcatalog; path = Assets.xcassets; sourceTree = "<group>"; };
		3481D08A248DBC6F005215EE /* Base */ = {isa = PBXFileReference; lastKnownFileType = file.storyboard; name = Base; path = Base.lproj/LaunchScreen.storyboard; sourceTree = "<group>"; };
		3481D08C248DBC6F005215EE /* Info.plist */ = {isa = PBXFileReference; lastKnownFileType = text.plist.xml; path = Info.plist; sourceTree = "<group>"; };
		3481D091248DBC6F005215EE /* MarinTraceTests.xctest */ = {isa = PBXFileReference; explicitFileType = wrapper.cfbundle; includeInIndex = 0; path = MarinTraceTests.xctest; sourceTree = BUILT_PRODUCTS_DIR; };
		3481D095248DBC6F005215EE /* MarinTraceTests.swift */ = {isa = PBXFileReference; lastKnownFileType = sourcecode.swift; path = MarinTraceTests.swift; sourceTree = "<group>"; };
		3481D097248DBC6F005215EE /* Info.plist */ = {isa = PBXFileReference; lastKnownFileType = text.plist.xml; path = Info.plist; sourceTree = "<group>"; };
		3481D09C248DBC6F005215EE /* MarinTraceUITests.xctest */ = {isa = PBXFileReference; explicitFileType = wrapper.cfbundle; includeInIndex = 0; path = MarinTraceUITests.xctest; sourceTree = BUILT_PRODUCTS_DIR; };
		3481D0A0248DBC6F005215EE /* MarinTraceUITests.swift */ = {isa = PBXFileReference; lastKnownFileType = sourcecode.swift; path = MarinTraceUITests.swift; sourceTree = "<group>"; };
		3481D0A2248DBC6F005215EE /* Info.plist */ = {isa = PBXFileReference; lastKnownFileType = text.plist.xml; path = Info.plist; sourceTree = "<group>"; };
		3481D0AE248DCA9D005215EE /* HomeTableViewController.swift */ = {isa = PBXFileReference; lastKnownFileType = sourcecode.swift; path = HomeTableViewController.swift; sourceTree = "<group>"; };
		3481D0B2248DCE6D005215EE /* Helpers.swift */ = {isa = PBXFileReference; lastKnownFileType = sourcecode.swift; path = Helpers.swift; sourceTree = "<group>"; };
		3481D0B6248DE7F2005215EE /* GoogleService-Info.plist */ = {isa = PBXFileReference; fileEncoding = 4; lastKnownFileType = text.plist.xml; path = "GoogleService-Info.plist"; sourceTree = "<group>"; };
		3481D0B8248DF847005215EE /* LoginTableViewController.swift */ = {isa = PBXFileReference; lastKnownFileType = sourcecode.swift; path = LoginTableViewController.swift; sourceTree = "<group>"; };
		3481D0BE248E00E8005215EE /* DataService.swift */ = {isa = PBXFileReference; lastKnownFileType = sourcecode.swift; path = DataService.swift; sourceTree = "<group>"; };
		3481D0C2248E0636005215EE /* ContactedCohortsViewController.swift */ = {isa = PBXFileReference; lastKnownFileType = sourcecode.swift; path = ContactedCohortsViewController.swift; sourceTree = "<group>"; };
		3481D0C4248E0903005215EE /* ReportContactsViewController.swift */ = {isa = PBXFileReference; lastKnownFileType = sourcecode.swift; path = ReportContactsViewController.swift; sourceTree = "<group>"; };
		3481D0C6248EB7D0005215EE /* SymptomTableViewController.swift */ = {isa = PBXFileReference; lastKnownFileType = sourcecode.swift; path = SymptomTableViewController.swift; sourceTree = "<group>"; };
		3481D0C8248EB80A005215EE /* SymptomTableViewCell.swift */ = {isa = PBXFileReference; lastKnownFileType = sourcecode.swift; path = SymptomTableViewCell.swift; sourceTree = "<group>"; };
		34ADF053251584F800323121 /* PrivacyPolicyViewController.swift */ = {isa = PBXFileReference; lastKnownFileType = sourcecode.swift; path = PrivacyPolicyViewController.swift; sourceTree = "<group>"; };
		34B7DD4B24CE99F5007449D7 /* Auth0.plist */ = {isa = PBXFileReference; lastKnownFileType = text.plist.xml; path = Auth0.plist; sourceTree = "<group>"; };
		34D28257251D688400AF2BE2 /* RealmService.swift */ = {isa = PBXFileReference; lastKnownFileType = sourcecode.swift; path = RealmService.swift; sourceTree = "<group>"; };
		34D2825F251D72DA00AF2BE2 /* ReportHistoryTableViewController.swift */ = {isa = PBXFileReference; lastKnownFileType = sourcecode.swift; path = ReportHistoryTableViewController.swift; sourceTree = "<group>"; };
		34D28267251D763000AF2BE2 /* BackupTableViewCell.swift */ = {isa = PBXFileReference; lastKnownFileType = sourcecode.swift; path = BackupTableViewCell.swift; sourceTree = "<group>"; };
		34D2826F251E4C4E00AF2BE2 /* CardViewController.swift */ = {isa = PBXFileReference; lastKnownFileType = sourcecode.swift; path = CardViewController.swift; sourceTree = "<group>"; };
		34D297F6253C039300115528 /* git_hash_from_cfbundleversion.bash */ = {isa = PBXFileReference; fileEncoding = 4; lastKnownFileType = text.script.sh; path = git_hash_from_cfbundleversion.bash; sourceTree = "<group>"; };
		34D297F7253C039300115528 /* versions.bash */ = {isa = PBXFileReference; fileEncoding = 4; lastKnownFileType = text.script.sh; path = versions.bash; sourceTree = "<group>"; };
		34D297F8253C039300115528 /* decimalize_git_hash.bash */ = {isa = PBXFileReference; fileEncoding = 4; lastKnownFileType = text.script.sh; path = decimalize_git_hash.bash; sourceTree = "<group>"; };
		34D297F9253C039300115528 /* minutes_since_date.bash */ = {isa = PBXFileReference; fileEncoding = 4; lastKnownFileType = text.script.sh; path = minutes_since_date.bash; sourceTree = "<group>"; };
		34DB80FC264457D800E6EC3D /* SchoolConfig.swift */ = {isa = PBXFileReference; lastKnownFileType = sourcecode.swift; path = SchoolConfig.swift; sourceTree = "<group>"; };
		4EEC7C7C177B4A1E7EC430C7 /* Pods-MarinTraceTests.release.xcconfig */ = {isa = PBXFileReference; includeInIndex = 1; lastKnownFileType = text.xcconfig; name = "Pods-MarinTraceTests.release.xcconfig"; path = "Target Support Files/Pods-MarinTraceTests/Pods-MarinTraceTests.release.xcconfig"; sourceTree = "<group>"; };
		649F9834F37521C2A5F77006 /* Pods-MarinTrace.debug.xcconfig */ = {isa = PBXFileReference; includeInIndex = 1; lastKnownFileType = text.xcconfig; name = "Pods-MarinTrace.debug.xcconfig"; path = "Target Support Files/Pods-MarinTrace/Pods-MarinTrace.debug.xcconfig"; sourceTree = "<group>"; };
		8C12207C58F8FD5DFB00AA63 /* Pods-MarinTrace-MarinTraceUITests.release.xcconfig */ = {isa = PBXFileReference; includeInIndex = 1; lastKnownFileType = text.xcconfig; name = "Pods-MarinTrace-MarinTraceUITests.release.xcconfig"; path = "Target Support Files/Pods-MarinTrace-MarinTraceUITests/Pods-MarinTrace-MarinTraceUITests.release.xcconfig"; sourceTree = "<group>"; };
		E7E7909EB79CB02BB3137441 /* Pods_MarinTraceTests.framework */ = {isa = PBXFileReference; explicitFileType = wrapper.framework; includeInIndex = 0; path = Pods_MarinTraceTests.framework; sourceTree = BUILT_PRODUCTS_DIR; };
		ED37E3F38C528EBFEBDDA391 /* Pods-MarinTrace.release.xcconfig */ = {isa = PBXFileReference; includeInIndex = 1; lastKnownFileType = text.xcconfig; name = "Pods-MarinTrace.release.xcconfig"; path = "Target Support Files/Pods-MarinTrace/Pods-MarinTrace.release.xcconfig"; sourceTree = "<group>"; };
/* End PBXFileReference section */

/* Begin PBXFrameworksBuildPhase section */
		3481D078248DBC6A005215EE /* Frameworks */ = {
			isa = PBXFrameworksBuildPhase;
			buildActionMask = 2147483647;
			files = (
				3C67DE643850470DE9A7DE0F /* Pods_MarinTrace.framework in Frameworks */,
			);
			runOnlyForDeploymentPostprocessing = 0;
		};
		3481D08E248DBC6F005215EE /* Frameworks */ = {
			isa = PBXFrameworksBuildPhase;
			buildActionMask = 2147483647;
			files = (
				86266579B4BE42E49DEF93ED /* Pods_MarinTraceTests.framework in Frameworks */,
			);
			runOnlyForDeploymentPostprocessing = 0;
		};
		3481D099248DBC6F005215EE /* Frameworks */ = {
			isa = PBXFrameworksBuildPhase;
			buildActionMask = 2147483647;
			files = (
				9DA9F18DE52141CD58F33483 /* Pods_MarinTrace_MarinTraceUITests.framework in Frameworks */,
			);
			runOnlyForDeploymentPostprocessing = 0;
		};
/* End PBXFrameworksBuildPhase section */

/* Begin PBXGroup section */
		33BBC2A71DBDB04054619DC5 /* Frameworks */ = {
			isa = PBXGroup;
			children = (
				254F1D42ACBA62F2A0D84621 /* Pods_MarinTrace.framework */,
				28D239C28CA6992C5BC416D7 /* Pods_MarinTrace_MarinTraceUITests.framework */,
				E7E7909EB79CB02BB3137441 /* Pods_MarinTraceTests.framework */,
			);
			name = Frameworks;
			sourceTree = "<group>";
		};
		3481D072248DBC6A005215EE = {
			isa = PBXGroup;
			children = (
				3481D07D248DBC6A005215EE /* MarinTrace */,
				3481D094248DBC6F005215EE /* MarinTraceTests */,
				3481D09F248DBC6F005215EE /* MarinTraceUITests */,
				3481D07C248DBC6A005215EE /* Products */,
				422CE5575040707368872A65 /* Pods */,
				33BBC2A71DBDB04054619DC5 /* Frameworks */,
				34D297F5253C039300115528 /* Scripts */,
			);
			sourceTree = "<group>";
		};
		3481D07C248DBC6A005215EE /* Products */ = {
			isa = PBXGroup;
			children = (
				3481D07B248DBC6A005215EE /* MarinTrace.app */,
				3481D091248DBC6F005215EE /* MarinTraceTests.xctest */,
				3481D09C248DBC6F005215EE /* MarinTraceUITests.xctest */,
			);
			name = Products;
			sourceTree = "<group>";
		};
		3481D07D248DBC6A005215EE /* MarinTrace */ = {
			isa = PBXGroup;
			children = (
				3481D07E248DBC6A005215EE /* AppDelegate.swift */,
				3481D080248DBC6A005215EE /* SceneDelegate.swift */,
				3481D0BD248E00CE005215EE /* Services */,
				3481D0B0248DCE17005215EE /* View Controllers */,
				3481D084248DBC6A005215EE /* Main.storyboard */,
				3481D0BA248DF94E005215EE /* Views */,
				3481D0B1248DCE4A005215EE /* Helpers */,
				3481D087248DBC6F005215EE /* Assets.xcassets */,
				3481D089248DBC6F005215EE /* LaunchScreen.storyboard */,
				3481D08C248DBC6F005215EE /* Info.plist */,
				34B7DD4B24CE99F5007449D7 /* Auth0.plist */,
				3481D0B6248DE7F2005215EE /* GoogleService-Info.plist */,
			);
			path = MarinTrace;
			sourceTree = "<group>";
		};
		3481D094248DBC6F005215EE /* MarinTraceTests */ = {
			isa = PBXGroup;
			children = (
				3481D095248DBC6F005215EE /* MarinTraceTests.swift */,
				3481D097248DBC6F005215EE /* Info.plist */,
			);
			path = MarinTraceTests;
			sourceTree = "<group>";
		};
		3481D09F248DBC6F005215EE /* MarinTraceUITests */ = {
			isa = PBXGroup;
			children = (
				3481D0A0248DBC6F005215EE /* MarinTraceUITests.swift */,
				3481D0A2248DBC6F005215EE /* Info.plist */,
			);
			path = MarinTraceUITests;
			sourceTree = "<group>";
		};
		3481D0B0248DCE17005215EE /* View Controllers */ = {
			isa = PBXGroup;
			children = (
				3481D0B8248DF847005215EE /* LoginTableViewController.swift */,
				3481D0AE248DCA9D005215EE /* HomeTableViewController.swift */,
				3481D0C2248E0636005215EE /* ContactedCohortsViewController.swift */,
				3481D0C4248E0903005215EE /* ReportContactsViewController.swift */,
				3481D0C6248EB7D0005215EE /* SymptomTableViewController.swift */,
				340CE278248F407B0094AC52 /* ProfileViewController.swift */,
				34ADF053251584F800323121 /* PrivacyPolicyViewController.swift */,
				34D2825F251D72DA00AF2BE2 /* ReportHistoryTableViewController.swift */,
				34D2826F251E4C4E00AF2BE2 /* CardViewController.swift */,
			);
			path = "View Controllers";
			sourceTree = "<group>";
		};
		3481D0B1248DCE4A005215EE /* Helpers */ = {
			isa = PBXGroup;
			children = (
				34D28267251D763000AF2BE2 /* BackupTableViewCell.swift */,
				3481D0B2248DCE6D005215EE /* Helpers.swift */,
				340CE276248F3A110094AC52 /* User.swift */,
				34DB80FC264457D800E6EC3D /* SchoolConfig.swift */,
			);
			path = Helpers;
			sourceTree = "<group>";
		};
		3481D0BA248DF94E005215EE /* Views */ = {
			isa = PBXGroup;
			children = (
				3481D0C8248EB80A005215EE /* SymptomTableViewCell.swift */,
			);
			path = Views;
			sourceTree = "<group>";
		};
		3481D0BD248E00CE005215EE /* Services */ = {
			isa = PBXGroup;
			children = (
				3481D0BE248E00E8005215EE /* DataService.swift */,
				34D28257251D688400AF2BE2 /* RealmService.swift */,
			);
			path = Services;
			sourceTree = "<group>";
		};
		34D297F5253C039300115528 /* Scripts */ = {
			isa = PBXGroup;
			children = (
				34D297F6253C039300115528 /* git_hash_from_cfbundleversion.bash */,
				34D297F7253C039300115528 /* versions.bash */,
				34D297F8253C039300115528 /* decimalize_git_hash.bash */,
				34D297F9253C039300115528 /* minutes_since_date.bash */,
			);
			path = Scripts;
			sourceTree = "<group>";
		};
		422CE5575040707368872A65 /* Pods */ = {
			isa = PBXGroup;
			children = (
				649F9834F37521C2A5F77006 /* Pods-MarinTrace.debug.xcconfig */,
				ED37E3F38C528EBFEBDDA391 /* Pods-MarinTrace.release.xcconfig */,
				15476E3AEA977906800ABB02 /* Pods-MarinTrace-MarinTraceUITests.debug.xcconfig */,
				8C12207C58F8FD5DFB00AA63 /* Pods-MarinTrace-MarinTraceUITests.release.xcconfig */,
				06DAF1DC9D82E74CAA2D6683 /* Pods-MarinTraceTests.debug.xcconfig */,
				4EEC7C7C177B4A1E7EC430C7 /* Pods-MarinTraceTests.release.xcconfig */,
			);
			path = Pods;
			sourceTree = "<group>";
		};
/* End PBXGroup section */

/* Begin PBXNativeTarget section */
		3481D07A248DBC6A005215EE /* MarinTrace */ = {
			isa = PBXNativeTarget;
			buildConfigurationList = 3481D0A5248DBC6F005215EE /* Build configuration list for PBXNativeTarget "MarinTrace" */;
			buildPhases = (
				3EB3FB26E4BC2B1E722A9833 /* [CP] Check Pods Manifest.lock */,
				3481D077248DBC6A005215EE /* Sources */,
				3481D078248DBC6A005215EE /* Frameworks */,
				3481D079248DBC6A005215EE /* Resources */,
				D278C05C60687B14E0DE61B7 /* [CP] Copy Pods Resources */,
				340CE27A2490266A0094AC52 /* Crashlytics */,
				D3112375A7745FCD9C749265 /* [CP] Embed Pods Frameworks */,
				34D29801253C03E300115528 /* ShellScript */,
			);
			buildRules = (
			);
			dependencies = (
			);
			name = MarinTrace;
			productName = MarinTrace;
			productReference = 3481D07B248DBC6A005215EE /* MarinTrace.app */;
			productType = "com.apple.product-type.application";
		};
		3481D090248DBC6F005215EE /* MarinTraceTests */ = {
			isa = PBXNativeTarget;
			buildConfigurationList = 3481D0A8248DBC6F005215EE /* Build configuration list for PBXNativeTarget "MarinTraceTests" */;
			buildPhases = (
				9700C4F82A73618693E2AE2B /* [CP] Check Pods Manifest.lock */,
				3481D08D248DBC6F005215EE /* Sources */,
				3481D08E248DBC6F005215EE /* Frameworks */,
				3481D08F248DBC6F005215EE /* Resources */,
			);
			buildRules = (
			);
			dependencies = (
				3481D093248DBC6F005215EE /* PBXTargetDependency */,
			);
			name = MarinTraceTests;
			productName = MarinTraceTests;
			productReference = 3481D091248DBC6F005215EE /* MarinTraceTests.xctest */;
			productType = "com.apple.product-type.bundle.unit-test";
		};
		3481D09B248DBC6F005215EE /* MarinTraceUITests */ = {
			isa = PBXNativeTarget;
			buildConfigurationList = 3481D0AB248DBC6F005215EE /* Build configuration list for PBXNativeTarget "MarinTraceUITests" */;
			buildPhases = (
				F8A48094C7EFE702D882DEDD /* [CP] Check Pods Manifest.lock */,
				3481D098248DBC6F005215EE /* Sources */,
				3481D099248DBC6F005215EE /* Frameworks */,
				3481D09A248DBC6F005215EE /* Resources */,
				1906D8557A16EAC280B4717B /* [CP] Copy Pods Resources */,
				DB88D1F6E0BE1D0DDC731083 /* [CP] Embed Pods Frameworks */,
			);
			buildRules = (
			);
			dependencies = (
				3481D09E248DBC6F005215EE /* PBXTargetDependency */,
			);
			name = MarinTraceUITests;
			productName = MarinTraceUITests;
			productReference = 3481D09C248DBC6F005215EE /* MarinTraceUITests.xctest */;
			productType = "com.apple.product-type.bundle.ui-testing";
		};
/* End PBXNativeTarget section */

/* Begin PBXProject section */
		3481D073248DBC6A005215EE /* Project object */ = {
			isa = PBXProject;
			attributes = {
				LastSwiftUpdateCheck = 1150;
				LastUpgradeCheck = 1150;
				ORGANIZATIONNAME = "The MarinTrace Foundation";
				TargetAttributes = {
					3481D07A248DBC6A005215EE = {
						CreatedOnToolsVersion = 11.5;
					};
					3481D090248DBC6F005215EE = {
						CreatedOnToolsVersion = 11.5;
						TestTargetID = 3481D07A248DBC6A005215EE;
					};
					3481D09B248DBC6F005215EE = {
						CreatedOnToolsVersion = 11.5;
						TestTargetID = 3481D07A248DBC6A005215EE;
					};
				};
			};
			buildConfigurationList = 3481D076248DBC6A005215EE /* Build configuration list for PBXProject "MarinTrace" */;
			compatibilityVersion = "Xcode 9.3";
			developmentRegion = en;
			hasScannedForEncodings = 0;
			knownRegions = (
				en,
				Base,
			);
			mainGroup = 3481D072248DBC6A005215EE;
			productRefGroup = 3481D07C248DBC6A005215EE /* Products */;
			projectDirPath = "";
			projectRoot = "";
			targets = (
				3481D07A248DBC6A005215EE /* MarinTrace */,
				3481D090248DBC6F005215EE /* MarinTraceTests */,
				3481D09B248DBC6F005215EE /* MarinTraceUITests */,
			);
		};
/* End PBXProject section */

/* Begin PBXResourcesBuildPhase section */
		3481D079248DBC6A005215EE /* Resources */ = {
			isa = PBXResourcesBuildPhase;
			buildActionMask = 2147483647;
			files = (
				34B7DD4C24CE99F5007449D7 /* Auth0.plist in Resources */,
				34D297FC253C039300115528 /* decimalize_git_hash.bash in Resources */,
				3481D0B7248DE7F2005215EE /* GoogleService-Info.plist in Resources */,
				34D297FA253C039300115528 /* git_hash_from_cfbundleversion.bash in Resources */,
				3481D08B248DBC6F005215EE /* LaunchScreen.storyboard in Resources */,
				34D297FB253C039300115528 /* versions.bash in Resources */,
				34D297FD253C039300115528 /* minutes_since_date.bash in Resources */,
				3481D088248DBC6F005215EE /* Assets.xcassets in Resources */,
				3481D086248DBC6A005215EE /* Main.storyboard in Resources */,
			);
			runOnlyForDeploymentPostprocessing = 0;
		};
		3481D08F248DBC6F005215EE /* Resources */ = {
			isa = PBXResourcesBuildPhase;
			buildActionMask = 2147483647;
			files = (
			);
			runOnlyForDeploymentPostprocessing = 0;
		};
		3481D09A248DBC6F005215EE /* Resources */ = {
			isa = PBXResourcesBuildPhase;
			buildActionMask = 2147483647;
			files = (
			);
			runOnlyForDeploymentPostprocessing = 0;
		};
/* End PBXResourcesBuildPhase section */

/* Begin PBXShellScriptBuildPhase section */
		1906D8557A16EAC280B4717B /* [CP] Copy Pods Resources */ = {
			isa = PBXShellScriptBuildPhase;
			buildActionMask = 2147483647;
			files = (
			);
			inputFileListPaths = (
				"${PODS_ROOT}/Target Support Files/Pods-MarinTrace-MarinTraceUITests/Pods-MarinTrace-MarinTraceUITests-resources-${CONFIGURATION}-input-files.xcfilelist",
			);
			name = "[CP] Copy Pods Resources";
			outputFileListPaths = (
				"${PODS_ROOT}/Target Support Files/Pods-MarinTrace-MarinTraceUITests/Pods-MarinTrace-MarinTraceUITests-resources-${CONFIGURATION}-output-files.xcfilelist",
			);
			runOnlyForDeploymentPostprocessing = 0;
			shellPath = /bin/sh;
			shellScript = "\"${PODS_ROOT}/Target Support Files/Pods-MarinTrace-MarinTraceUITests/Pods-MarinTrace-MarinTraceUITests-resources.sh\"\n";
			showEnvVarsInLog = 0;
		};
		340CE27A2490266A0094AC52 /* Crashlytics */ = {
			isa = PBXShellScriptBuildPhase;
			buildActionMask = 2147483647;
			files = (
			);
			inputFileListPaths = (
			);
			inputPaths = (
			);
			name = Crashlytics;
			outputFileListPaths = (
			);
			outputPaths = (
			);
			runOnlyForDeploymentPostprocessing = 0;
			shellPath = /bin/sh;
			shellScript = "# Type a script or drag a script file from your workspace to insert its path.\n\"${PODS_ROOT}/FirebaseCrashlytics/run\"\n";
		};
		34D29801253C03E300115528 /* ShellScript */ = {
			isa = PBXShellScriptBuildPhase;
			buildActionMask = 2147483647;
			files = (
			);
			inputFileListPaths = (
			);
			inputPaths = (
			);
			outputFileListPaths = (
			);
			outputPaths = (
			);
			runOnlyForDeploymentPostprocessing = 0;
			shellPath = /bin/bash;
			shellScript = "# Type a script or drag a script file from your workspace to insert its path.\n\"$SRCROOT\"/Scripts/versions.bash\n";
		};
		3EB3FB26E4BC2B1E722A9833 /* [CP] Check Pods Manifest.lock */ = {
			isa = PBXShellScriptBuildPhase;
			buildActionMask = 2147483647;
			files = (
			);
			inputFileListPaths = (
			);
			inputPaths = (
				"${PODS_PODFILE_DIR_PATH}/Podfile.lock",
				"${PODS_ROOT}/Manifest.lock",
			);
			name = "[CP] Check Pods Manifest.lock";
			outputFileListPaths = (
			);
			outputPaths = (
				"$(DERIVED_FILE_DIR)/Pods-MarinTrace-checkManifestLockResult.txt",
			);
			runOnlyForDeploymentPostprocessing = 0;
			shellPath = /bin/sh;
			shellScript = "diff \"${PODS_PODFILE_DIR_PATH}/Podfile.lock\" \"${PODS_ROOT}/Manifest.lock\" > /dev/null\nif [ $? != 0 ] ; then\n    # print error to STDERR\n    echo \"error: The sandbox is not in sync with the Podfile.lock. Run 'pod install' or update your CocoaPods installation.\" >&2\n    exit 1\nfi\n# This output is used by Xcode 'outputs' to avoid re-running this script phase.\necho \"SUCCESS\" > \"${SCRIPT_OUTPUT_FILE_0}\"\n";
			showEnvVarsInLog = 0;
		};
		9700C4F82A73618693E2AE2B /* [CP] Check Pods Manifest.lock */ = {
			isa = PBXShellScriptBuildPhase;
			buildActionMask = 2147483647;
			files = (
			);
			inputFileListPaths = (
			);
			inputPaths = (
				"${PODS_PODFILE_DIR_PATH}/Podfile.lock",
				"${PODS_ROOT}/Manifest.lock",
			);
			name = "[CP] Check Pods Manifest.lock";
			outputFileListPaths = (
			);
			outputPaths = (
				"$(DERIVED_FILE_DIR)/Pods-MarinTraceTests-checkManifestLockResult.txt",
			);
			runOnlyForDeploymentPostprocessing = 0;
			shellPath = /bin/sh;
			shellScript = "diff \"${PODS_PODFILE_DIR_PATH}/Podfile.lock\" \"${PODS_ROOT}/Manifest.lock\" > /dev/null\nif [ $? != 0 ] ; then\n    # print error to STDERR\n    echo \"error: The sandbox is not in sync with the Podfile.lock. Run 'pod install' or update your CocoaPods installation.\" >&2\n    exit 1\nfi\n# This output is used by Xcode 'outputs' to avoid re-running this script phase.\necho \"SUCCESS\" > \"${SCRIPT_OUTPUT_FILE_0}\"\n";
			showEnvVarsInLog = 0;
		};
		D278C05C60687B14E0DE61B7 /* [CP] Copy Pods Resources */ = {
			isa = PBXShellScriptBuildPhase;
			buildActionMask = 2147483647;
			files = (
			);
			inputFileListPaths = (
				"${PODS_ROOT}/Target Support Files/Pods-MarinTrace/Pods-MarinTrace-resources-${CONFIGURATION}-input-files.xcfilelist",
			);
			name = "[CP] Copy Pods Resources";
			outputFileListPaths = (
				"${PODS_ROOT}/Target Support Files/Pods-MarinTrace/Pods-MarinTrace-resources-${CONFIGURATION}-output-files.xcfilelist",
			);
			runOnlyForDeploymentPostprocessing = 0;
			shellPath = /bin/sh;
			shellScript = "\"${PODS_ROOT}/Target Support Files/Pods-MarinTrace/Pods-MarinTrace-resources.sh\"\n";
			showEnvVarsInLog = 0;
		};
		D3112375A7745FCD9C749265 /* [CP] Embed Pods Frameworks */ = {
			isa = PBXShellScriptBuildPhase;
			buildActionMask = 2147483647;
			files = (
			);
			inputFileListPaths = (
				"${PODS_ROOT}/Target Support Files/Pods-MarinTrace/Pods-MarinTrace-frameworks-${CONFIGURATION}-input-files.xcfilelist",
			);
			name = "[CP] Embed Pods Frameworks";
			outputFileListPaths = (
				"${PODS_ROOT}/Target Support Files/Pods-MarinTrace/Pods-MarinTrace-frameworks-${CONFIGURATION}-output-files.xcfilelist",
			);
			runOnlyForDeploymentPostprocessing = 0;
			shellPath = /bin/sh;
			shellScript = "\"${PODS_ROOT}/Target Support Files/Pods-MarinTrace/Pods-MarinTrace-frameworks.sh\"\n";
			showEnvVarsInLog = 0;
		};
		DB88D1F6E0BE1D0DDC731083 /* [CP] Embed Pods Frameworks */ = {
			isa = PBXShellScriptBuildPhase;
			buildActionMask = 2147483647;
			files = (
			);
			inputFileListPaths = (
				"${PODS_ROOT}/Target Support Files/Pods-MarinTrace-MarinTraceUITests/Pods-MarinTrace-MarinTraceUITests-frameworks-${CONFIGURATION}-input-files.xcfilelist",
			);
			name = "[CP] Embed Pods Frameworks";
			outputFileListPaths = (
				"${PODS_ROOT}/Target Support Files/Pods-MarinTrace-MarinTraceUITests/Pods-MarinTrace-MarinTraceUITests-frameworks-${CONFIGURATION}-output-files.xcfilelist",
			);
			runOnlyForDeploymentPostprocessing = 0;
			shellPath = /bin/sh;
			shellScript = "\"${PODS_ROOT}/Target Support Files/Pods-MarinTrace-MarinTraceUITests/Pods-MarinTrace-MarinTraceUITests-frameworks.sh\"\n";
			showEnvVarsInLog = 0;
		};
		F8A48094C7EFE702D882DEDD /* [CP] Check Pods Manifest.lock */ = {
			isa = PBXShellScriptBuildPhase;
			buildActionMask = 2147483647;
			files = (
			);
			inputFileListPaths = (
			);
			inputPaths = (
				"${PODS_PODFILE_DIR_PATH}/Podfile.lock",
				"${PODS_ROOT}/Manifest.lock",
			);
			name = "[CP] Check Pods Manifest.lock";
			outputFileListPaths = (
			);
			outputPaths = (
				"$(DERIVED_FILE_DIR)/Pods-MarinTrace-MarinTraceUITests-checkManifestLockResult.txt",
			);
			runOnlyForDeploymentPostprocessing = 0;
			shellPath = /bin/sh;
			shellScript = "diff \"${PODS_PODFILE_DIR_PATH}/Podfile.lock\" \"${PODS_ROOT}/Manifest.lock\" > /dev/null\nif [ $? != 0 ] ; then\n    # print error to STDERR\n    echo \"error: The sandbox is not in sync with the Podfile.lock. Run 'pod install' or update your CocoaPods installation.\" >&2\n    exit 1\nfi\n# This output is used by Xcode 'outputs' to avoid re-running this script phase.\necho \"SUCCESS\" > \"${SCRIPT_OUTPUT_FILE_0}\"\n";
			showEnvVarsInLog = 0;
		};
/* End PBXShellScriptBuildPhase section */

/* Begin PBXSourcesBuildPhase section */
		3481D077248DBC6A005215EE /* Sources */ = {
			isa = PBXSourcesBuildPhase;
			buildActionMask = 2147483647;
			files = (
				3481D07F248DBC6A005215EE /* AppDelegate.swift in Sources */,
				3481D0BF248E00E8005215EE /* DataService.swift in Sources */,
				3481D0C9248EB80A005215EE /* SymptomTableViewCell.swift in Sources */,
				3481D081248DBC6A005215EE /* SceneDelegate.swift in Sources */,
				34ADF054251584F800323121 /* PrivacyPolicyViewController.swift in Sources */,
				3481D0AF248DCA9D005215EE /* HomeTableViewController.swift in Sources */,
				34D28260251D72DA00AF2BE2 /* ReportHistoryTableViewController.swift in Sources */,
				3481D0B3248DCE6D005215EE /* Helpers.swift in Sources */,
				34D28270251E4C4E00AF2BE2 /* CardViewController.swift in Sources */,
				3481D0C5248E0903005215EE /* ReportContactsViewController.swift in Sources */,
				3481D0B9248DF847005215EE /* LoginTableViewController.swift in Sources */,
				34D28258251D688400AF2BE2 /* RealmService.swift in Sources */,
				340CE277248F3A110094AC52 /* User.swift in Sources */,
				3481D0C3248E0636005215EE /* ContactedCohortsViewController.swift in Sources */,
				34D28268251D763000AF2BE2 /* BackupTableViewCell.swift in Sources */,
				34DB80FD264457D800E6EC3D /* SchoolConfig.swift in Sources */,
				340CE279248F407B0094AC52 /* ProfileViewController.swift in Sources */,
				3481D0C7248EB7D0005215EE /* SymptomTableViewController.swift in Sources */,
			);
			runOnlyForDeploymentPostprocessing = 0;
		};
		3481D08D248DBC6F005215EE /* Sources */ = {
			isa = PBXSourcesBuildPhase;
			buildActionMask = 2147483647;
			files = (
				3481D096248DBC6F005215EE /* MarinTraceTests.swift in Sources */,
			);
			runOnlyForDeploymentPostprocessing = 0;
		};
		3481D098248DBC6F005215EE /* Sources */ = {
			isa = PBXSourcesBuildPhase;
			buildActionMask = 2147483647;
			files = (
				3481D0A1248DBC6F005215EE /* MarinTraceUITests.swift in Sources */,
			);
			runOnlyForDeploymentPostprocessing = 0;
		};
/* End PBXSourcesBuildPhase section */

/* Begin PBXTargetDependency section */
		3481D093248DBC6F005215EE /* PBXTargetDependency */ = {
			isa = PBXTargetDependency;
			target = 3481D07A248DBC6A005215EE /* MarinTrace */;
			targetProxy = 3481D092248DBC6F005215EE /* PBXContainerItemProxy */;
		};
		3481D09E248DBC6F005215EE /* PBXTargetDependency */ = {
			isa = PBXTargetDependency;
			target = 3481D07A248DBC6A005215EE /* MarinTrace */;
			targetProxy = 3481D09D248DBC6F005215EE /* PBXContainerItemProxy */;
		};
/* End PBXTargetDependency section */

/* Begin PBXVariantGroup section */
		3481D084248DBC6A005215EE /* Main.storyboard */ = {
			isa = PBXVariantGroup;
			children = (
				3481D085248DBC6A005215EE /* Base */,
			);
			name = Main.storyboard;
			sourceTree = "<group>";
		};
		3481D089248DBC6F005215EE /* LaunchScreen.storyboard */ = {
			isa = PBXVariantGroup;
			children = (
				3481D08A248DBC6F005215EE /* Base */,
			);
			name = LaunchScreen.storyboard;
			sourceTree = "<group>";
		};
/* End PBXVariantGroup section */

/* Begin XCBuildConfiguration section */
		3481D0A3248DBC6F005215EE /* Debug */ = {
			isa = XCBuildConfiguration;
			buildSettings = {
				ALWAYS_SEARCH_USER_PATHS = NO;
				CLANG_ANALYZER_NONNULL = YES;
				CLANG_ANALYZER_NUMBER_OBJECT_CONVERSION = YES_AGGRESSIVE;
				CLANG_CXX_LANGUAGE_STANDARD = "gnu++14";
				CLANG_CXX_LIBRARY = "libc++";
				CLANG_ENABLE_MODULES = YES;
				CLANG_ENABLE_OBJC_ARC = YES;
				CLANG_ENABLE_OBJC_WEAK = YES;
				CLANG_WARN_BLOCK_CAPTURE_AUTORELEASING = YES;
				CLANG_WARN_BOOL_CONVERSION = YES;
				CLANG_WARN_COMMA = YES;
				CLANG_WARN_CONSTANT_CONVERSION = YES;
				CLANG_WARN_DEPRECATED_OBJC_IMPLEMENTATIONS = YES;
				CLANG_WARN_DIRECT_OBJC_ISA_USAGE = YES_ERROR;
				CLANG_WARN_DOCUMENTATION_COMMENTS = YES;
				CLANG_WARN_EMPTY_BODY = YES;
				CLANG_WARN_ENUM_CONVERSION = YES;
				CLANG_WARN_INFINITE_RECURSION = YES;
				CLANG_WARN_INT_CONVERSION = YES;
				CLANG_WARN_NON_LITERAL_NULL_CONVERSION = YES;
				CLANG_WARN_OBJC_IMPLICIT_RETAIN_SELF = YES;
				CLANG_WARN_OBJC_LITERAL_CONVERSION = YES;
				CLANG_WARN_OBJC_ROOT_CLASS = YES_ERROR;
				CLANG_WARN_RANGE_LOOP_ANALYSIS = YES;
				CLANG_WARN_STRICT_PROTOTYPES = YES;
				CLANG_WARN_SUSPICIOUS_MOVE = YES;
				CLANG_WARN_UNGUARDED_AVAILABILITY = YES_AGGRESSIVE;
				CLANG_WARN_UNREACHABLE_CODE = YES;
				CLANG_WARN__DUPLICATE_METHOD_MATCH = YES;
				COPY_PHASE_STRIP = NO;
				DEBUG_INFORMATION_FORMAT = dwarf;
				ENABLE_STRICT_OBJC_MSGSEND = YES;
				ENABLE_TESTABILITY = YES;
				GCC_C_LANGUAGE_STANDARD = gnu11;
				GCC_DYNAMIC_NO_PIC = NO;
				GCC_NO_COMMON_BLOCKS = YES;
				GCC_OPTIMIZATION_LEVEL = 0;
				GCC_PREPROCESSOR_DEFINITIONS = (
					"DEBUG=1",
					"$(inherited)",
				);
				GCC_WARN_64_TO_32_BIT_CONVERSION = YES;
				GCC_WARN_ABOUT_RETURN_TYPE = YES_ERROR;
				GCC_WARN_UNDECLARED_SELECTOR = YES;
				GCC_WARN_UNINITIALIZED_AUTOS = YES_AGGRESSIVE;
				GCC_WARN_UNUSED_FUNCTION = YES;
				GCC_WARN_UNUSED_VARIABLE = YES;
				IPHONEOS_DEPLOYMENT_TARGET = 13.5;
				MTL_ENABLE_DEBUG_INFO = INCLUDE_SOURCE;
				MTL_FAST_MATH = YES;
				ONLY_ACTIVE_ARCH = YES;
				SDKROOT = iphoneos;
				SWIFT_ACTIVE_COMPILATION_CONDITIONS = DEBUG;
				SWIFT_OPTIMIZATION_LEVEL = "-Onone";
			};
			name = Debug;
		};
		3481D0A4248DBC6F005215EE /* Release */ = {
			isa = XCBuildConfiguration;
			buildSettings = {
				ALWAYS_SEARCH_USER_PATHS = NO;
				CLANG_ANALYZER_NONNULL = YES;
				CLANG_ANALYZER_NUMBER_OBJECT_CONVERSION = YES_AGGRESSIVE;
				CLANG_CXX_LANGUAGE_STANDARD = "gnu++14";
				CLANG_CXX_LIBRARY = "libc++";
				CLANG_ENABLE_MODULES = YES;
				CLANG_ENABLE_OBJC_ARC = YES;
				CLANG_ENABLE_OBJC_WEAK = YES;
				CLANG_WARN_BLOCK_CAPTURE_AUTORELEASING = YES;
				CLANG_WARN_BOOL_CONVERSION = YES;
				CLANG_WARN_COMMA = YES;
				CLANG_WARN_CONSTANT_CONVERSION = YES;
				CLANG_WARN_DEPRECATED_OBJC_IMPLEMENTATIONS = YES;
				CLANG_WARN_DIRECT_OBJC_ISA_USAGE = YES_ERROR;
				CLANG_WARN_DOCUMENTATION_COMMENTS = YES;
				CLANG_WARN_EMPTY_BODY = YES;
				CLANG_WARN_ENUM_CONVERSION = YES;
				CLANG_WARN_INFINITE_RECURSION = YES;
				CLANG_WARN_INT_CONVERSION = YES;
				CLANG_WARN_NON_LITERAL_NULL_CONVERSION = YES;
				CLANG_WARN_OBJC_IMPLICIT_RETAIN_SELF = YES;
				CLANG_WARN_OBJC_LITERAL_CONVERSION = YES;
				CLANG_WARN_OBJC_ROOT_CLASS = YES_ERROR;
				CLANG_WARN_RANGE_LOOP_ANALYSIS = YES;
				CLANG_WARN_STRICT_PROTOTYPES = YES;
				CLANG_WARN_SUSPICIOUS_MOVE = YES;
				CLANG_WARN_UNGUARDED_AVAILABILITY = YES_AGGRESSIVE;
				CLANG_WARN_UNREACHABLE_CODE = YES;
				CLANG_WARN__DUPLICATE_METHOD_MATCH = YES;
				COPY_PHASE_STRIP = NO;
				DEBUG_INFORMATION_FORMAT = "dwarf-with-dsym";
				ENABLE_NS_ASSERTIONS = NO;
				ENABLE_STRICT_OBJC_MSGSEND = YES;
				GCC_C_LANGUAGE_STANDARD = gnu11;
				GCC_NO_COMMON_BLOCKS = YES;
				GCC_WARN_64_TO_32_BIT_CONVERSION = YES;
				GCC_WARN_ABOUT_RETURN_TYPE = YES_ERROR;
				GCC_WARN_UNDECLARED_SELECTOR = YES;
				GCC_WARN_UNINITIALIZED_AUTOS = YES_AGGRESSIVE;
				GCC_WARN_UNUSED_FUNCTION = YES;
				GCC_WARN_UNUSED_VARIABLE = YES;
				IPHONEOS_DEPLOYMENT_TARGET = 13.5;
				MTL_ENABLE_DEBUG_INFO = NO;
				MTL_FAST_MATH = YES;
				SDKROOT = iphoneos;
				SWIFT_COMPILATION_MODE = wholemodule;
				SWIFT_OPTIMIZATION_LEVEL = "-O";
				VALIDATE_PRODUCT = YES;
			};
			name = Release;
		};
		3481D0A6248DBC6F005215EE /* Debug */ = {
			isa = XCBuildConfiguration;
			baseConfigurationReference = 649F9834F37521C2A5F77006 /* Pods-MarinTrace.debug.xcconfig */;
			buildSettings = {
				ASSETCATALOG_COMPILER_APPICON_NAME = AppIcon;
				CODE_SIGN_STYLE = Automatic;
				CURRENT_PROJECT_VERSION = 5;
				DEBUG_INFORMATION_FORMAT = "dwarf-with-dsym";
				DEVELOPMENT_TEAM = 33Y5LLRM7S;
				INFOPLIST_FILE = MarinTrace/Info.plist;
				IPHONEOS_DEPLOYMENT_TARGET = 13.0;
				LD_RUNPATH_SEARCH_PATHS = (
					"$(inherited)",
					"@executable_path/Frameworks",
				);
				MARKETING_VERSION = 1.6;
				PRODUCT_BUNDLE_IDENTIFIER = com.marintrace.marintrace;
				PRODUCT_NAME = "$(TARGET_NAME)";
				SWIFT_VERSION = 5.0;
				TARGETED_DEVICE_FAMILY = 1;
			};
			name = Debug;
		};
		3481D0A7248DBC6F005215EE /* Release */ = {
			isa = XCBuildConfiguration;
			baseConfigurationReference = ED37E3F38C528EBFEBDDA391 /* Pods-MarinTrace.release.xcconfig */;
			buildSettings = {
				ASSETCATALOG_COMPILER_APPICON_NAME = AppIcon;
				CODE_SIGN_STYLE = Automatic;
				CURRENT_PROJECT_VERSION = 5;
				DEVELOPMENT_TEAM = 33Y5LLRM7S;
				INFOPLIST_FILE = MarinTrace/Info.plist;
				IPHONEOS_DEPLOYMENT_TARGET = 13.0;
				LD_RUNPATH_SEARCH_PATHS = (
					"$(inherited)",
					"@executable_path/Frameworks",
				);
				MARKETING_VERSION = 1.6;
				PRODUCT_BUNDLE_IDENTIFIER = com.marintrace.marintrace;
				PRODUCT_NAME = "$(TARGET_NAME)";
				SWIFT_VERSION = 5.0;
				TARGETED_DEVICE_FAMILY = 1;
			};
			name = Release;
		};
		3481D0A9248DBC6F005215EE /* Debug */ = {
			isa = XCBuildConfiguration;
			baseConfigurationReference = 06DAF1DC9D82E74CAA2D6683 /* Pods-MarinTraceTests.debug.xcconfig */;
			buildSettings = {
				ALWAYS_EMBED_SWIFT_STANDARD_LIBRARIES = YES;
				BUNDLE_LOADER = "$(TEST_HOST)";
				CODE_SIGN_STYLE = Automatic;
				DEVELOPMENT_TEAM = L8AY63NH7H;
				INFOPLIST_FILE = MarinTraceTests/Info.plist;
				IPHONEOS_DEPLOYMENT_TARGET = 13.5;
				LD_RUNPATH_SEARCH_PATHS = (
					"$(inherited)",
					"@executable_path/Frameworks",
					"@loader_path/Frameworks",
				);
				PRODUCT_BUNDLE_IDENTIFIER = com.couchpotatostudios.MarinTraceTests;
				PRODUCT_NAME = "$(TARGET_NAME)";
				SWIFT_VERSION = 5.0;
				TARGETED_DEVICE_FAMILY = "1,2";
				TEST_HOST = "$(BUILT_PRODUCTS_DIR)/MarinTrace.app/MarinTrace";
			};
			name = Debug;
		};
		3481D0AA248DBC6F005215EE /* Release */ = {
			isa = XCBuildConfiguration;
			baseConfigurationReference = 4EEC7C7C177B4A1E7EC430C7 /* Pods-MarinTraceTests.release.xcconfig */;
			buildSettings = {
				ALWAYS_EMBED_SWIFT_STANDARD_LIBRARIES = YES;
				BUNDLE_LOADER = "$(TEST_HOST)";
				CODE_SIGN_STYLE = Automatic;
				DEVELOPMENT_TEAM = L8AY63NH7H;
				INFOPLIST_FILE = MarinTraceTests/Info.plist;
				IPHONEOS_DEPLOYMENT_TARGET = 13.5;
				LD_RUNPATH_SEARCH_PATHS = (
					"$(inherited)",
					"@executable_path/Frameworks",
					"@loader_path/Frameworks",
				);
				PRODUCT_BUNDLE_IDENTIFIER = com.couchpotatostudios.MarinTraceTests;
				PRODUCT_NAME = "$(TARGET_NAME)";
				SWIFT_VERSION = 5.0;
				TARGETED_DEVICE_FAMILY = "1,2";
				TEST_HOST = "$(BUILT_PRODUCTS_DIR)/MarinTrace.app/MarinTrace";
			};
			name = Release;
		};
		3481D0AC248DBC6F005215EE /* Debug */ = {
			isa = XCBuildConfiguration;
			baseConfigurationReference = 15476E3AEA977906800ABB02 /* Pods-MarinTrace-MarinTraceUITests.debug.xcconfig */;
			buildSettings = {
				ALWAYS_EMBED_SWIFT_STANDARD_LIBRARIES = YES;
				CODE_SIGN_STYLE = Automatic;
				DEVELOPMENT_TEAM = L8AY63NH7H;
				INFOPLIST_FILE = MarinTraceUITests/Info.plist;
				LD_RUNPATH_SEARCH_PATHS = (
					"$(inherited)",
					"@executable_path/Frameworks",
					"@loader_path/Frameworks",
				);
				PRODUCT_BUNDLE_IDENTIFIER = com.couchpotatostudios.MarinTraceUITests;
				PRODUCT_NAME = "$(TARGET_NAME)";
				SWIFT_VERSION = 5.0;
				TARGETED_DEVICE_FAMILY = "1,2";
				TEST_TARGET_NAME = MarinTrace;
			};
			name = Debug;
		};
		3481D0AD248DBC6F005215EE /* Release */ = {
			isa = XCBuildConfiguration;
			baseConfigurationReference = 8C12207C58F8FD5DFB00AA63 /* Pods-MarinTrace-MarinTraceUITests.release.xcconfig */;
			buildSettings = {
				ALWAYS_EMBED_SWIFT_STANDARD_LIBRARIES = YES;
				CODE_SIGN_STYLE = Automatic;
				DEVELOPMENT_TEAM = L8AY63NH7H;
				INFOPLIST_FILE = MarinTraceUITests/Info.plist;
				LD_RUNPATH_SEARCH_PATHS = (
					"$(inherited)",
					"@executable_path/Frameworks",
					"@loader_path/Frameworks",
				);
				PRODUCT_BUNDLE_IDENTIFIER = com.couchpotatostudios.MarinTraceUITests;
				PRODUCT_NAME = "$(TARGET_NAME)";
				SWIFT_VERSION = 5.0;
				TARGETED_DEVICE_FAMILY = "1,2";
				TEST_TARGET_NAME = MarinTrace;
			};
			name = Release;
		};
/* End XCBuildConfiguration section */

/* Begin XCConfigurationList section */
		3481D076248DBC6A005215EE /* Build configuration list for PBXProject "MarinTrace" */ = {
			isa = XCConfigurationList;
			buildConfigurations = (
				3481D0A3248DBC6F005215EE /* Debug */,
				3481D0A4248DBC6F005215EE /* Release */,
			);
			defaultConfigurationIsVisible = 0;
			defaultConfigurationName = Release;
		};
		3481D0A5248DBC6F005215EE /* Build configuration list for PBXNativeTarget "MarinTrace" */ = {
			isa = XCConfigurationList;
			buildConfigurations = (
				3481D0A6248DBC6F005215EE /* Debug */,
				3481D0A7248DBC6F005215EE /* Release */,
			);
			defaultConfigurationIsVisible = 0;
			defaultConfigurationName = Release;
		};
		3481D0A8248DBC6F005215EE /* Build configuration list for PBXNativeTarget "MarinTraceTests" */ = {
			isa = XCConfigurationList;
			buildConfigurations = (
				3481D0A9248DBC6F005215EE /* Debug */,
				3481D0AA248DBC6F005215EE /* Release */,
			);
			defaultConfigurationIsVisible = 0;
			defaultConfigurationName = Release;
		};
		3481D0AB248DBC6F005215EE /* Build configuration list for PBXNativeTarget "MarinTraceUITests" */ = {
			isa = XCConfigurationList;
			buildConfigurations = (
				3481D0AC248DBC6F005215EE /* Debug */,
				3481D0AD248DBC6F005215EE /* Release */,
			);
			defaultConfigurationIsVisible = 0;
			defaultConfigurationName = Release;
		};
/* End XCConfigurationList section */
	};
	rootObject = 3481D073248DBC6A005215EE /* Project object */;
}
